// !$*UTF8*$!
{
	archiveVersion = 1;
	classes = {
	};
	objectVersion = 46;
	objects = {

/* Begin PBXBuildFile section */
		D62064AB1EA51FF000761461 /* AppDelegate.swift in Sources */ = {isa = PBXBuildFile; fileRef = D62064AA1EA51FF000761461 /* AppDelegate.swift */; };
		D62064B41EA51FF000761461 /* Main.storyboard in Resources */ = {isa = PBXBuildFile; fileRef = D62064B21EA51FF000761461 /* Main.storyboard */; };
		D62064B61EA51FF000761461 /* Assets.xcassets in Resources */ = {isa = PBXBuildFile; fileRef = D62064B51EA51FF000761461 /* Assets.xcassets */; };
		D62064B91EA51FF000761461 /* LaunchScreen.storyboard in Resources */ = {isa = PBXBuildFile; fileRef = D62064B71EA51FF000761461 /* LaunchScreen.storyboard */; };
		D6A6692A1EB9FA8000DD1EFB /* SimpleWizzardViewController.swift in Sources */ = {isa = PBXBuildFile; fileRef = D6A669251EB9FA8000DD1EFB /* SimpleWizzardViewController.swift */; };
		D6A6692B1EB9FA8000DD1EFB /* StepPageViewController.swift in Sources */ = {isa = PBXBuildFile; fileRef = D6A669261EB9FA8000DD1EFB /* StepPageViewController.swift */; };
		D6A6692C1EB9FA8000DD1EFB /* StepViewController.swift in Sources */ = {isa = PBXBuildFile; fileRef = D6A669271EB9FA8000DD1EFB /* StepViewController.swift */; };
		D6A6692D1EB9FA8000DD1EFB /* StepTableViewController.swift in Sources */ = {isa = PBXBuildFile; fileRef = D6A669281EB9FA8000DD1EFB /* StepTableViewController.swift */; };
		D6A6692E1EB9FA8000DD1EFB /* StepCollectionViewController.swift in Sources */ = {isa = PBXBuildFile; fileRef = D6A669291EB9FA8000DD1EFB /* StepCollectionViewController.swift */; };
		D6A669301EB9FAC400DD1EFB /* TextFieldMask.swift in Sources */ = {isa = PBXBuildFile; fileRef = D6A6692F1EB9FAC400DD1EFB /* TextFieldMask.swift */; };
		D6A669321EB9FAC800DD1EFB /* KeyboardDismissController.swift in Sources */ = {isa = PBXBuildFile; fileRef = D6A669311EB9FAC800DD1EFB /* KeyboardDismissController.swift */; };
		D6A669341EB9FACC00DD1EFB /* EmptyState.swift in Sources */ = {isa = PBXBuildFile; fileRef = D6A669331EB9FACC00DD1EFB /* EmptyState.swift */; };
/* End PBXBuildFile section */

/* Begin PBXFileReference section */
		D62064A71EA51FF000761461 /* StepController.app */ = {isa = PBXFileReference; explicitFileType = wrapper.application; includeInIndex = 0; path = StepController.app; sourceTree = BUILT_PRODUCTS_DIR; };
		D62064AA1EA51FF000761461 /* AppDelegate.swift */ = {isa = PBXFileReference; lastKnownFileType = sourcecode.swift; path = AppDelegate.swift; sourceTree = "<group>"; };
		D62064B31EA51FF000761461 /* Base */ = {isa = PBXFileReference; lastKnownFileType = file.storyboard; name = Base; path = Base.lproj/Main.storyboard; sourceTree = "<group>"; };
		D62064B51EA51FF000761461 /* Assets.xcassets */ = {isa = PBXFileReference; lastKnownFileType = folder.assetcatalog; path = Assets.xcassets; sourceTree = "<group>"; };
		D62064B81EA51FF000761461 /* Base */ = {isa = PBXFileReference; lastKnownFileType = file.storyboard; name = Base; path = Base.lproj/LaunchScreen.storyboard; sourceTree = "<group>"; };
		D62064BA1EA51FF000761461 /* Info.plist */ = {isa = PBXFileReference; lastKnownFileType = text.plist.xml; path = Info.plist; sourceTree = "<group>"; };
		D6A669251EB9FA8000DD1EFB /* SimpleWizzardViewController.swift */ = {isa = PBXFileReference; fileEncoding = 4; lastKnownFileType = sourcecode.swift; path = SimpleWizzardViewController.swift; sourceTree = "<group>"; };
		D6A669261EB9FA8000DD1EFB /* StepPageViewController.swift */ = {isa = PBXFileReference; fileEncoding = 4; lastKnownFileType = sourcecode.swift; path = StepPageViewController.swift; sourceTree = "<group>"; };
		D6A669271EB9FA8000DD1EFB /* StepViewController.swift */ = {isa = PBXFileReference; fileEncoding = 4; lastKnownFileType = sourcecode.swift; path = StepViewController.swift; sourceTree = "<group>"; };
		D6A669281EB9FA8000DD1EFB /* StepTableViewController.swift */ = {isa = PBXFileReference; fileEncoding = 4; lastKnownFileType = sourcecode.swift; path = StepTableViewController.swift; sourceTree = "<group>"; };
		D6A669291EB9FA8000DD1EFB /* StepCollectionViewController.swift */ = {isa = PBXFileReference; fileEncoding = 4; lastKnownFileType = sourcecode.swift; path = StepCollectionViewController.swift; sourceTree = "<group>"; };
		D6A6692F1EB9FAC400DD1EFB /* TextFieldMask.swift */ = {isa = PBXFileReference; fileEncoding = 4; lastKnownFileType = sourcecode.swift; path = TextFieldMask.swift; sourceTree = "<group>"; };
		D6A669311EB9FAC800DD1EFB /* KeyboardDismissController.swift */ = {isa = PBXFileReference; fileEncoding = 4; lastKnownFileType = sourcecode.swift; path = KeyboardDismissController.swift; sourceTree = "<group>"; };
		D6A669331EB9FACC00DD1EFB /* EmptyState.swift */ = {isa = PBXFileReference; fileEncoding = 4; lastKnownFileType = sourcecode.swift; path = EmptyState.swift; sourceTree = "<group>"; };
/* End PBXFileReference section */

/* Begin PBXFrameworksBuildPhase section */
		D62064A41EA51FF000761461 /* Frameworks */ = {
			isa = PBXFrameworksBuildPhase;
			buildActionMask = 2147483647;
			files = (
			);
			runOnlyForDeploymentPostprocessing = 0;
		};
/* End PBXFrameworksBuildPhase section */

/* Begin PBXGroup section */
		D620649E1EA51FF000761461 = {
			isa = PBXGroup;
			children = (
				D62064A91EA51FF000761461 /* StepController */,
				D62064A81EA51FF000761461 /* Products */,
			);
			sourceTree = "<group>";
		};
		D62064A81EA51FF000761461 /* Products */ = {
			isa = PBXGroup;
			children = (
				D62064A71EA51FF000761461 /* StepController.app */,
			);
			name = Products;
			sourceTree = "<group>";
		};
		D62064A91EA51FF000761461 /* StepController */ = {
			isa = PBXGroup;
			children = (
				D62064AA1EA51FF000761461 /* AppDelegate.swift */,
				D62064B21EA51FF000761461 /* Main.storyboard */,
				D62064B51EA51FF000761461 /* Assets.xcassets */,
				D62064B71EA51FF000761461 /* LaunchScreen.storyboard */,
				D62064BA1EA51FF000761461 /* Info.plist */,
				D6A669251EB9FA8000DD1EFB /* SimpleWizzardViewController.swift */,
				D6A669261EB9FA8000DD1EFB /* StepPageViewController.swift */,
				D6A669271EB9FA8000DD1EFB /* StepViewController.swift */,
				D6A669281EB9FA8000DD1EFB /* StepTableViewController.swift */,
				D6A669291EB9FA8000DD1EFB /* StepCollectionViewController.swift */,
				D6A6692F1EB9FAC400DD1EFB /* TextFieldMask.swift */,
				D6A669311EB9FAC800DD1EFB /* KeyboardDismissController.swift */,
				D6A669331EB9FACC00DD1EFB /* EmptyState.swift */,
			);
			path = StepController;
			sourceTree = "<group>";
		};
/* End PBXGroup section */

/* Begin PBXNativeTarget section */
		D62064A61EA51FF000761461 /* StepController */ = {
			isa = PBXNativeTarget;
			buildConfigurationList = D62064BD1EA51FF000761461 /* Build configuration list for PBXNativeTarget "StepController" */;
			buildPhases = (
				D62064A31EA51FF000761461 /* Sources */,
				D62064A41EA51FF000761461 /* Frameworks */,
				D62064A51EA51FF000761461 /* Resources */,
			);
			buildRules = (
			);
			dependencies = (
			);
			name = StepController;
			productName = StepController;
			productReference = D62064A71EA51FF000761461 /* StepController.app */;
			productType = "com.apple.product-type.application";
		};
/* End PBXNativeTarget section */

/* Begin PBXProject section */
		D620649F1EA51FF000761461 /* Project object */ = {
			isa = PBXProject;
			attributes = {
				LastSwiftUpdateCheck = 0830;
				LastUpgradeCheck = 0830;
				ORGANIZATIONNAME = "Higor Borjaille";
				TargetAttributes = {
					D62064A61EA51FF000761461 = {
						CreatedOnToolsVersion = 8.3.1;
						DevelopmentTeam = QET9249K74;
						ProvisioningStyle = Automatic;
					};
				};
			};
			buildConfigurationList = D62064A21EA51FF000761461 /* Build configuration list for PBXProject "StepController" */;
			compatibilityVersion = "Xcode 3.2";
			developmentRegion = English;
			hasScannedForEncodings = 0;
			knownRegions = (
				en,
				Base,
			);
			mainGroup = D620649E1EA51FF000761461;
			productRefGroup = D62064A81EA51FF000761461 /* Products */;
			projectDirPath = "";
			projectRoot = "";
			targets = (
				D62064A61EA51FF000761461 /* StepController */,
			);
		};
/* End PBXProject section */

/* Begin PBXResourcesBuildPhase section */
		D62064A51EA51FF000761461 /* Resources */ = {
			isa = PBXResourcesBuildPhase;
			buildActionMask = 2147483647;
			files = (
				D62064B91EA51FF000761461 /* LaunchScreen.storyboard in Resources */,
				D62064B61EA51FF000761461 /* Assets.xcassets in Resources */,
				D62064B41EA51FF000761461 /* Main.storyboard in Resources */,
			);
			runOnlyForDeploymentPostprocessing = 0;
		};
/* End PBXResourcesBuildPhase section */

/* Begin PBXSourcesBuildPhase section */
		D62064A31EA51FF000761461 /* Sources */ = {
			isa = PBXSourcesBuildPhase;
			buildActionMask = 2147483647;
			files = (
				D6A669301EB9FAC400DD1EFB /* TextFieldMask.swift in Sources */,
				D6A6692E1EB9FA8000DD1EFB /* StepCollectionViewController.swift in Sources */,
				D6A6692A1EB9FA8000DD1EFB /* SimpleWizzardViewController.swift in Sources */,
				D6A669321EB9FAC800DD1EFB /* KeyboardDismissController.swift in Sources */,
				D6A6692B1EB9FA8000DD1EFB /* StepPageViewController.swift in Sources */,
				D6A6692C1EB9FA8000DD1EFB /* StepViewController.swift in Sources */,
				D6A669341EB9FACC00DD1EFB /* EmptyState.swift in Sources */,
				D6A6692D1EB9FA8000DD1EFB /* StepTableViewController.swift in Sources */,
				D62064AB1EA51FF000761461 /* AppDelegate.swift in Sources */,
			);
			runOnlyForDeploymentPostprocessing = 0;
		};
/* End PBXSourcesBuildPhase section */

/* Begin PBXVariantGroup section */
		D62064B21EA51FF000761461 /* Main.storyboard */ = {
			isa = PBXVariantGroup;
			children = (
				D62064B31EA51FF000761461 /* Base */,
			);
			name = Main.storyboard;
			sourceTree = "<group>";
		};
		D62064B71EA51FF000761461 /* LaunchScreen.storyboard */ = {
			isa = PBXVariantGroup;
			children = (
				D62064B81EA51FF000761461 /* Base */,
			);
			name = LaunchScreen.storyboard;
			sourceTree = "<group>";
		};
/* End PBXVariantGroup section */

/* Begin XCBuildConfiguration section */
		D62064BB1EA51FF000761461 /* Debug */ = {
			isa = XCBuildConfiguration;
			buildSettings = {
				ALWAYS_SEARCH_USER_PATHS = NO;
				CLANG_ANALYZER_NONNULL = YES;
				CLANG_ANALYZER_NUMBER_OBJECT_CONVERSION = YES_AGGRESSIVE;
				CLANG_CXX_LANGUAGE_STANDARD = "gnu++0x";
				CLANG_CXX_LIBRARY = "libc++";
				CLANG_ENABLE_MODULES = YES;
				CLANG_ENABLE_OBJC_ARC = YES;
				CLANG_WARN_BOOL_CONVERSION = YES;
				CLANG_WARN_CONSTANT_CONVERSION = YES;
				CLANG_WARN_DIRECT_OBJC_ISA_USAGE = YES_ERROR;
				CLANG_WARN_DOCUMENTATION_COMMENTS = YES;
				CLANG_WARN_EMPTY_BODY = YES;
				CLANG_WARN_ENUM_CONVERSION = YES;
				CLANG_WARN_INFINITE_RECURSION = YES;
				CLANG_WARN_INT_CONVERSION = YES;
				CLANG_WARN_OBJC_ROOT_CLASS = YES_ERROR;
				CLANG_WARN_SUSPICIOUS_MOVE = YES;
				CLANG_WARN_UNREACHABLE_CODE = YES;
				CLANG_WARN__DUPLICATE_METHOD_MATCH = YES;
				"CODE_SIGN_IDENTITY[sdk=iphoneos*]" = "iPhone Developer";
				COPY_PHASE_STRIP = NO;
				DEBUG_INFORMATION_FORMAT = dwarf;
				ENABLE_STRICT_OBJC_MSGSEND = YES;
				ENABLE_TESTABILITY = YES;
				GCC_C_LANGUAGE_STANDARD = gnu99;
				GCC_DYNAMIC_NO_PIC = NO;
				GCC_NO_COMMON_BLOCKS = YES;
				GCC_OPTIMIZATION_LEVEL = 0;
				GCC_PREPROCESSOR_DEFINITIONS = (
					"DEBUG=1",
					"$(inherited)",
				);
				GCC_WARN_64_TO_32_BIT_CONVERSION = YES;
				GCC_WARN_ABOUT_RETURN_TYPE = YES_ERROR;
				GCC_WARN_UNDECLARED_SELECTOR = YES;
				GCC_WARN_UNINITIALIZED_AUTOS = YES_AGGRESSIVE;
				GCC_WARN_UNUSED_FUNCTION = YES;
				GCC_WARN_UNUSED_VARIABLE = YES;
				IPHONEOS_DEPLOYMENT_TARGET = 10.3;
				MTL_ENABLE_DEBUG_INFO = YES;
				ONLY_ACTIVE_ARCH = YES;
				SDKROOT = iphoneos;
				SWIFT_ACTIVE_COMPILATION_CONDITIONS = DEBUG;
				SWIFT_OPTIMIZATION_LEVEL = "-Onone";
				TARGETED_DEVICE_FAMILY = "1,2";
			};
			name = Debug;
		};
		D62064BC1EA51FF000761461 /* Release */ = {
			isa = XCBuildConfiguration;
			buildSettings = {
				ALWAYS_SEARCH_USER_PATHS = NO;
				CLANG_ANALYZER_NONNULL = YES;
				CLANG_ANALYZER_NUMBER_OBJECT_CONVERSION = YES_AGGRESSIVE;
				CLANG_CXX_LANGUAGE_STANDARD = "gnu++0x";
				CLANG_CXX_LIBRARY = "libc++";
				CLANG_ENABLE_MODULES = YES;
				CLANG_ENABLE_OBJC_ARC = YES;
				CLANG_WARN_BOOL_CONVERSION = YES;
				CLANG_WARN_CONSTANT_CONVERSION = YES;
				CLANG_WARN_DIRECT_OBJC_ISA_USAGE = YES_ERROR;
				CLANG_WARN_DOCUMENTATION_COMMENTS = YES;
				CLANG_WARN_EMPTY_BODY = YES;
				CLANG_WARN_ENUM_CONVERSION = YES;
				CLANG_WARN_INFINITE_RECURSION = YES;
				CLANG_WARN_INT_CONVERSION = YES;
				CLANG_WARN_OBJC_ROOT_CLASS = YES_ERROR;
				CLANG_WARN_SUSPICIOUS_MOVE = YES;
				CLANG_WARN_UNREACHABLE_CODE = YES;
				CLANG_WARN__DUPLICATE_METHOD_MATCH = YES;
				"CODE_SIGN_IDENTITY[sdk=iphoneos*]" = "iPhone Developer";
				COPY_PHASE_STRIP = NO;
				DEBUG_INFORMATION_FORMAT = "dwarf-with-dsym";
				ENABLE_NS_ASSERTIONS = NO;
				ENABLE_STRICT_OBJC_MSGSEND = YES;
				GCC_C_LANGUAGE_STANDARD = gnu99;
				GCC_NO_COMMON_BLOCKS = YES;
				GCC_WARN_64_TO_32_BIT_CONVERSION = YES;
				GCC_WARN_ABOUT_RETURN_TYPE = YES_ERROR;
				GCC_WARN_UNDECLARED_SELECTOR = YES;
				GCC_WARN_UNINITIALIZED_AUTOS = YES_AGGRESSIVE;
				GCC_WARN_UNUSED_FUNCTION = YES;
				GCC_WARN_UNUSED_VARIABLE = YES;
				IPHONEOS_DEPLOYMENT_TARGET = 10.3;
				MTL_ENABLE_DEBUG_INFO = NO;
				SDKROOT = iphoneos;
				SWIFT_OPTIMIZATION_LEVEL = "-Owholemodule";
				TARGETED_DEVICE_FAMILY = "1,2";
				VALIDATE_PRODUCT = YES;
			};
			name = Release;
		};
		D62064BE1EA51FF000761461 /* Debug */ = {
			isa = XCBuildConfiguration;
			buildSettings = {
				ASSETCATALOG_COMPILER_APPICON_NAME = AppIcon;
				DEVELOPMENT_TEAM = QET9249K74;
				INFOPLIST_FILE = StepController/Info.plist;
				IPHONEOS_DEPLOYMENT_TARGET = 10.0;
				LD_RUNPATH_SEARCH_PATHS = "$(inherited) @executable_path/Frameworks";
				PRODUCT_BUNDLE_IDENTIFIER = com.hb.StepController;
				PRODUCT_NAME = "$(TARGET_NAME)";
				SWIFT_VERSION = 3.0;
			};
			name = Debug;
		};
		D62064BF1EA51FF000761461 /* Release */ = {
			isa = XCBuildConfiguration;
			buildSettings = {
				ASSETCATALOG_COMPILER_APPICON_NAME = AppIcon;
				DEVELOPMENT_TEAM = QET9249K74;
				INFOPLIST_FILE = StepController/Info.plist;
				IPHONEOS_DEPLOYMENT_TARGET = 10.0;
				LD_RUNPATH_SEARCH_PATHS = "$(inherited) @executable_path/Frameworks";
				PRODUCT_BUNDLE_IDENTIFIER = com.hb.StepController;
				PRODUCT_NAME = "$(TARGET_NAME)";
				SWIFT_VERSION = 3.0;
			};
			name = Release;
		};
/* End XCBuildConfiguration section */

/* Begin XCConfigurationList section */
		D62064A21EA51FF000761461 /* Build configuration list for PBXProject "StepController" */ = {
			isa = XCConfigurationList;
			buildConfigurations = (
				D62064BB1EA51FF000761461 /* Debug */,
				D62064BC1EA51FF000761461 /* Release */,
			);
			defaultConfigurationIsVisible = 0;
			defaultConfigurationName = Release;
		};
		D62064BD1EA51FF000761461 /* Build configuration list for PBXNativeTarget "StepController" */ = {
			isa = XCConfigurationList;
			buildConfigurations = (
				D62064BE1EA51FF000761461 /* Debug */,
				D62064BF1EA51FF000761461 /* Release */,
			);
			defaultConfigurationIsVisible = 0;
			defaultConfigurationName = Release;
		};
/* End XCConfigurationList section */
	};
	rootObject = D620649F1EA51FF000761461 /* Project object */;
}
